
Microsoft Visual Studio Solution File, Format Version 12.00
# Visual Studio Version 17
VisualStudioVersion = 17.9.34714.143
MinimumVisualStudioVersion = 10.0.40219.1
Project("{2150E333-8FDC-42A3-9474-1A3956D46DE8}") = "Core", "Core", "{7A1D8BE6-2BD9-4D1B-A395-319BAC60195C}"
EndProject
Project("{FAE04EC0-301F-11D3-BF4B-00C04F79EFBC}") = "UdemyCarBook.Domain", "Core\UdemyCarBook.Domain\UdemyCarBook.Domain.csproj", "{17451AEE-912D-4E07-91B3-797FFDD7B3DF}"
EndProject
Global
	GlobalSection(SolutionConfigurationPlatforms) = preSolution
		Debug|Any CPU = Debug|Any CPU
		Release|Any CPU = Release|Any CPU
	EndGlobalSection
	GlobalSection(ProjectConfigurationPlatforms) = postSolution
		{17451AEE-912D-4E07-91B3-797FFDD7B3DF}.Debug|Any CPU.ActiveCfg = Debug|Any CPU
		{17451AEE-912D-4E07-91B3-797FFDD7B3DF}.Debug|Any CPU.Build.0 = Debug|Any CPU
		{17451AEE-912D-4E07-91B3-797FFDD7B3DF}.Release|Any CPU.ActiveCfg = Release|Any CPU
		{17451AEE-912D-4E07-91B3-797FFDD7B3DF}.Release|Any CPU.Build.0 = Release|Any CPU
	EndGlobalSection
	GlobalSection(SolutionProperties) = preSolution
		HideSolutionNode = FALSE
	EndGlobalSection
	GlobalSection(NestedProjects) = preSolution
		{17451AEE-912D-4E07-91B3-797FFDD7B3DF} = {7A1D8BE6-2BD9-4D1B-A395-319BAC60195C}
	EndGlobalSection
	GlobalSection(ExtensibilityGlobals) = postSolution
		SolutionGuid = {30C127AB-0D62-4A4A-873B-008CF207E7DC}
	EndGlobalSection
EndGlobal
